
Microsoft Visual Studio Solution File, Format Version 12.00
# Visual Studio Version 17
VisualStudioVersion = 17.12.35527.113
MinimumVisualStudioVersion = 10.0.40219.1
Project("{FAE04EC0-301F-11D3-BF4B-00C04F79EFBC}") = "Session-5", "Session-5\Session-5.csproj", "{14C33AC7-A961-4392-B152-7B98E41BFC57}"
EndProject
Project("{FAE04EC0-301F-11D3-BF4B-00C04F79EFBC}") = "Common", "Common\Common.csproj", "{83AF5EF5-3227-4A32-A93C-73613FEF1D2B}"
EndProject
Project("{FAE04EC0-301F-11D3-BF4B-00C04F79EFBC}") = "Ass-4", "Session-5\Ass-4\Ass-4.csproj", "{4E65A4C7-8E86-44F8-A6D9-C1C955124C62}"
EndProject
Global
	GlobalSection(SolutionConfigurationPlatforms) = preSolution
		Debug|Any CPU = Debug|Any CPU
		Release|Any CPU = Release|Any CPU
	EndGlobalSection
	GlobalSection(ProjectConfigurationPlatforms) = postSolution
		{14C33AC7-A961-4392-B152-7B98E41BFC57}.Debug|Any CPU.ActiveCfg = Debug|Any CPU
		{14C33AC7-A961-4392-B152-7B98E41BFC57}.Debug|Any CPU.Build.0 = Debug|Any CPU
		{14C33AC7-A961-4392-B152-7B98E41BFC57}.Release|Any CPU.ActiveCfg = Release|Any CPU
		{14C33AC7-A961-4392-B152-7B98E41BFC57}.Release|Any CPU.Build.0 = Release|Any CPU
		{83AF5EF5-3227-4A32-A93C-73613FEF1D2B}.Debug|Any CPU.ActiveCfg = Debug|Any CPU
		{83AF5EF5-3227-4A32-A93C-73613FEF1D2B}.Debug|Any CPU.Build.0 = Debug|Any CPU
		{83AF5EF5-3227-4A32-A93C-73613FEF1D2B}.Release|Any CPU.ActiveCfg = Release|Any CPU
		{83AF5EF5-3227-4A32-A93C-73613FEF1D2B}.Release|Any CPU.Build.0 = Release|Any CPU
		{4E65A4C7-8E86-44F8-A6D9-C1C955124C62}.Debug|Any CPU.ActiveCfg = Debug|Any CPU
		{4E65A4C7-8E86-44F8-A6D9-C1C955124C62}.Debug|Any CPU.Build.0 = Debug|Any CPU
		{4E65A4C7-8E86-44F8-A6D9-C1C955124C62}.Release|Any CPU.ActiveCfg = Release|Any CPU
		{4E65A4C7-8E86-44F8-A6D9-C1C955124C62}.Release|Any CPU.Build.0 = Release|Any CPU
	EndGlobalSection
	GlobalSection(SolutionProperties) = preSolution
		HideSolutionNode = FALSE
	EndGlobalSection
EndGlobal
